
Microsoft Visual Studio Solution File, Format Version 12.00
# Visual Studio Version 17
VisualStudioVersion = 17.0.31903.59
MinimumVisualStudioVersion = 10.0.40219.1
Project("{2150E333-8FDC-42A3-9474-1A3956D46DE8}") = "src", "src", "{E058A77C-3BA3-4CBB-98A3-83DCAC027B75}"
EndProject
Project("{FAE04EC0-301F-11D3-BF4B-00C04F79EFBC}") = "Application", "src\Application\Application.csproj", "{F07B0A94-3514-4B31-AA34-AABA4BC9CFDA}"
EndProject
Project("{FAE04EC0-301F-11D3-BF4B-00C04F79EFBC}") = "Domain", "src\Domain\Domain.csproj", "{7E58C3C4-820F-4196-8C75-7C93A330AF59}"
EndProject
Global
	GlobalSection(SolutionConfigurationPlatforms) = preSolution
		Debug|Any CPU = Debug|Any CPU
		Release|Any CPU = Release|Any CPU
	EndGlobalSection
	GlobalSection(SolutionProperties) = preSolution
		HideSolutionNode = FALSE
	EndGlobalSection
	GlobalSection(ProjectConfigurationPlatforms) = postSolution
		{F07B0A94-3514-4B31-AA34-AABA4BC9CFDA}.Debug|Any CPU.ActiveCfg = Debug|Any CPU
		{F07B0A94-3514-4B31-AA34-AABA4BC9CFDA}.Debug|Any CPU.Build.0 = Debug|Any CPU
		{F07B0A94-3514-4B31-AA34-AABA4BC9CFDA}.Release|Any CPU.ActiveCfg = Release|Any CPU
		{F07B0A94-3514-4B31-AA34-AABA4BC9CFDA}.Release|Any CPU.Build.0 = Release|Any CPU
		{7E58C3C4-820F-4196-8C75-7C93A330AF59}.Debug|Any CPU.ActiveCfg = Debug|Any CPU
		{7E58C3C4-820F-4196-8C75-7C93A330AF59}.Debug|Any CPU.Build.0 = Debug|Any CPU
		{7E58C3C4-820F-4196-8C75-7C93A330AF59}.Release|Any CPU.ActiveCfg = Release|Any CPU
		{7E58C3C4-820F-4196-8C75-7C93A330AF59}.Release|Any CPU.Build.0 = Release|Any CPU
	EndGlobalSection
	GlobalSection(NestedProjects) = preSolution
		{F07B0A94-3514-4B31-AA34-AABA4BC9CFDA} = {E058A77C-3BA3-4CBB-98A3-83DCAC027B75}
		{7E58C3C4-820F-4196-8C75-7C93A330AF59} = {E058A77C-3BA3-4CBB-98A3-83DCAC027B75}
	EndGlobalSection
EndGlobal
